<Solution>
  <Folder Name="/src/">
    <Project Path="src/Novolis.Manuscript.Cli/Novolis.Manuscript.Cli.csproj" />
    <Project Path="src/Novolis.Solution.Tool/Novolis.Solution.Tool.csproj" />
    <Project Path="src/Novolis.Xsd.Cli/Novolis.Xsd.Tool.csproj" />
    <Project Path="src/Novolis.Install/Novolis.Install.csproj" />
    <Project Path="src/Novolis.Tools.Cli/Novolis.Tools.Cli.csproj" />
    <Project Path="src/Novolis.Tools.Coverage.Cli/Novolis.Tools.Coverage.Cli.csproj" />
    <Project Path="src/Novolis.Tools.Coverage/Novolis.Tools.Coverage.csproj" />
    <Project Path="src/Novolis.Tools.Docs.Cli/Novolis.Tools.Docs.Cli.csproj" />
    <Project Path="src/Novolis.Tools.Docs/Novolis.Tools.Docs.csproj" />
    <Project Path="src/Novolis.Tools.LiteDb.Cli/Novolis.Tools.LiteDb.Cli.csproj" />
    <Project Path="src/Novolis.Tools.LiteDb/Novolis.Tools.LiteDb.csproj" />
    <!-- MarkdownPdf omitted until Novolis.Markup.Markdown.Documents + Documents.* publish to GPR -->
    <Project Path="src/Novolis.Tools.Sqlite.Cli/Novolis.Tools.Sqlite.Cli.csproj" />
    <Project Path="src/Novolis.Tools.Sqlite/Novolis.Tools.Sqlite.csproj" />
  </Folder>
  <Folder Name="/tests/">
    <Project Path="tests/Novolis.Tools.Cli.Unit/Novolis.Tools.Cli.Unit.csproj" />
    <Project Path="tests/Novolis.Tools.Coverage.Unit/Novolis.Tools.Coverage.Unit.csproj" />
    <Project Path="tests/Novolis.Tools.Docs.Unit/Novolis.Tools.Docs.Unit.csproj" />
    <Project Path="tests/Novolis.Tools.LiteDb.Unit/Novolis.Tools.LiteDb.Unit.csproj" />
    <Project Path="tests/Novolis.Tools.Sqlite.Unit/Novolis.Tools.Sqlite.Unit.csproj" />
  </Folder>
  <Folder Name="/tools/">
    <Project Path="tools/ToolsManifest/ToolsManifest.csproj" />
  </Folder>
</Solution>
