<Solution>
  <Folder Name="/src/">
    <Project Path="src/Novolis.Tools.Docs.Cli/Novolis.Tools.Docs.Cli.csproj" />
    <Project Path="src/Novolis.Tools.Docs/Novolis.Tools.Docs.csproj" />
    <Project Path="src/Novolis.Tools.Sqlite.Cli/Novolis.Tools.Sqlite.Cli.csproj" />
    <Project Path="src/Novolis.Tools.Sqlite/Novolis.Tools.Sqlite.csproj" />
  </Folder>
  <Folder Name="/tests/">
    <Project Path="tests/Novolis.Tools.Docs.Unit/Novolis.Tools.Docs.Unit.csproj" />
    <Project Path="tests/Novolis.Tools.Sqlite.Unit/Novolis.Tools.Sqlite.Unit.csproj" />
  </Folder>
</Solution>
